
Microsoft Visual Studio Solution File, Format Version 12.00
# Visual Studio 2012
Project("{FAE04EC0-301F-11D3-BF4B-00C04F79EFBC}") = "SharpServer", "SharpServer\SharpServer.csproj", "{AF835FA9-3CCB-4665-A81A-616B6F3E24A1}"
EndProject
Global
	GlobalSection(SolutionConfigurationPlatforms) = preSolution
		Debug|x86 = Debug|x86
		Release|x86 = Release|x86
	EndGlobalSection
	GlobalSection(ProjectConfigurationPlatforms) = postSolution
		{AF835FA9-3CCB-4665-A81A-616B6F3E24A1}.Debug|x86.ActiveCfg = Debug|x86
		{AF835FA9-3CCB-4665-A81A-616B6F3E24A1}.Debug|x86.Build.0 = Debug|x86
		{AF835FA9-3CCB-4665-A81A-616B6F3E24A1}.Release|x86.ActiveCfg = Release|x86
		{AF835FA9-3CCB-4665-A81A-616B6F3E24A1}.Release|x86.Build.0 = Release|x86
	EndGlobalSection
EndGlobal
